
Microsoft Visual Studio Solution File, Format Version 12.00
# Visual Studio 15
VisualStudioVersion = 15.0.28307.779
MinimumVisualStudioVersion = 10.0.40219.1
Project("{FAE04EC0-301F-11D3-BF4B-00C04F79EFBC}") = "A1Q3_SyedI", "A1Q3_SyedI\A1Q3_SyedI.csproj", "{54A4E3A5-72E0-4957-AE03-69C349122C4A}"
EndProject
Global
	GlobalSection(SolutionConfigurationPlatforms) = preSolution
		Debug|Any CPU = Debug|Any CPU
		Release|Any CPU = Release|Any CPU
	EndGlobalSection
	GlobalSection(ProjectConfigurationPlatforms) = postSolution
		{54A4E3A5-72E0-4957-AE03-69C349122C4A}.Debug|Any CPU.ActiveCfg = Debug|Any CPU
		{54A4E3A5-72E0-4957-AE03-69C349122C4A}.Debug|Any CPU.Build.0 = Debug|Any CPU
		{54A4E3A5-72E0-4957-AE03-69C349122C4A}.Release|Any CPU.ActiveCfg = Release|Any CPU
		{54A4E3A5-72E0-4957-AE03-69C349122C4A}.Release|Any CPU.Build.0 = Release|Any CPU
	EndGlobalSection
	GlobalSection(SolutionProperties) = preSolution
		HideSolutionNode = FALSE
	EndGlobalSection
	GlobalSection(ExtensibilityGlobals) = postSolution
		SolutionGuid = {946E684E-650F-4654-983D-2A5C408C0F93}
	EndGlobalSection
EndGlobal
