
Microsoft Visual Studio Solution File, Format Version 12.00
# Visual Studio Version 16
VisualStudioVersion = 16.0.29020.237
MinimumVisualStudioVersion = 10.0.40219.1
Project("{FAE04EC0-301F-11D3-BF4B-00C04F79EFBC}") = "Assignment7_SyedI", "Assignment7_SyedI\Assignment7_SyedI.csproj", "{088B6A84-206A-433B-A13D-B77677927652}"
EndProject
Global
	GlobalSection(SolutionConfigurationPlatforms) = preSolution
		Debug|Any CPU = Debug|Any CPU
		Release|Any CPU = Release|Any CPU
	EndGlobalSection
	GlobalSection(ProjectConfigurationPlatforms) = postSolution
		{088B6A84-206A-433B-A13D-B77677927652}.Debug|Any CPU.ActiveCfg = Debug|Any CPU
		{088B6A84-206A-433B-A13D-B77677927652}.Debug|Any CPU.Build.0 = Debug|Any CPU
		{088B6A84-206A-433B-A13D-B77677927652}.Release|Any CPU.ActiveCfg = Release|Any CPU
		{088B6A84-206A-433B-A13D-B77677927652}.Release|Any CPU.Build.0 = Release|Any CPU
	EndGlobalSection
	GlobalSection(SolutionProperties) = preSolution
		HideSolutionNode = FALSE
	EndGlobalSection
	GlobalSection(ExtensibilityGlobals) = postSolution
		SolutionGuid = {996877F1-C7D9-4B37-8796-31A904E223A6}
	EndGlobalSection
EndGlobal
